
Microsoft Visual Studio Solution File, Format Version 12.00
# Visual Studio Version 16
VisualStudioVersion = 16.0.31702.278
MinimumVisualStudioVersion = 10.0.40219.1
Project("{FAE04EC0-301F-11D3-BF4B-00C04F79EFBC}") = "IS-3-19-KazakovDD", "IS-3-19-KazakovDD\IS-3-19-KazakovDD.csproj", "{CC43440A-0D13-4CEC-B480-29652130D10D}"
EndProject
Global
	GlobalSection(SolutionConfigurationPlatforms) = preSolution
		Debug|Any CPU = Debug|Any CPU
		Release|Any CPU = Release|Any CPU
	EndGlobalSection
	GlobalSection(ProjectConfigurationPlatforms) = postSolution
		{CC43440A-0D13-4CEC-B480-29652130D10D}.Debug|Any CPU.ActiveCfg = Debug|Any CPU
		{CC43440A-0D13-4CEC-B480-29652130D10D}.Debug|Any CPU.Build.0 = Debug|Any CPU
		{CC43440A-0D13-4CEC-B480-29652130D10D}.Release|Any CPU.ActiveCfg = Release|Any CPU
		{CC43440A-0D13-4CEC-B480-29652130D10D}.Release|Any CPU.Build.0 = Release|Any CPU
	EndGlobalSection
	GlobalSection(SolutionProperties) = preSolution
		HideSolutionNode = FALSE
	EndGlobalSection
	GlobalSection(ExtensibilityGlobals) = postSolution
		SolutionGuid = {50459E2B-95CF-4935-8368-062DA063FAA1}
	EndGlobalSection
EndGlobal
